
Microsoft Visual Studio Solution File, Format Version 12.00
# Visual Studio Version 17
VisualStudioVersion = 17.6.33829.357
MinimumVisualStudioVersion = 10.0.40219.1
Project("{888888A0-9F3D-457C-B088-3A5042F75D52}") = "blackJack", "blackJack\blackJack.pyproj", "{D335045A-C417-4DAA-A13B-A294EB4B1B74}"
EndProject
Global
	GlobalSection(SolutionConfigurationPlatforms) = preSolution
		Debug|Any CPU = Debug|Any CPU
		Release|Any CPU = Release|Any CPU
	EndGlobalSection
	GlobalSection(ProjectConfigurationPlatforms) = postSolution
		{D335045A-C417-4DAA-A13B-A294EB4B1B74}.Debug|Any CPU.ActiveCfg = Debug|Any CPU
		{D335045A-C417-4DAA-A13B-A294EB4B1B74}.Release|Any CPU.ActiveCfg = Release|Any CPU
	EndGlobalSection
	GlobalSection(SolutionProperties) = preSolution
		HideSolutionNode = FALSE
	EndGlobalSection
	GlobalSection(ExtensibilityGlobals) = postSolution
		SolutionGuid = {A1F32519-299D-47D4-849C-313FD55F91B9}
	EndGlobalSection
EndGlobal
