
Microsoft Visual Studio Solution File, Format Version 12.00
# Visual Studio Version 17
VisualStudioVersion = 17.6.33829.357
MinimumVisualStudioVersion = 10.0.40219.1
Project("{888888A0-9F3D-457C-B088-3A5042F75D52}") = "marksList", "marksList\marksList.pyproj", "{B68C5FD8-5FFD-4BB3-B767-B1C561DF8A27}"
EndProject
Global
	GlobalSection(SolutionConfigurationPlatforms) = preSolution
		Debug|Any CPU = Debug|Any CPU
		Release|Any CPU = Release|Any CPU
	EndGlobalSection
	GlobalSection(ProjectConfigurationPlatforms) = postSolution
		{B68C5FD8-5FFD-4BB3-B767-B1C561DF8A27}.Debug|Any CPU.ActiveCfg = Debug|Any CPU
		{B68C5FD8-5FFD-4BB3-B767-B1C561DF8A27}.Release|Any CPU.ActiveCfg = Release|Any CPU
	EndGlobalSection
	GlobalSection(SolutionProperties) = preSolution
		HideSolutionNode = FALSE
	EndGlobalSection
	GlobalSection(ExtensibilityGlobals) = postSolution
		SolutionGuid = {F1ADB85F-E8C2-4B2D-BE51-E1B023EC586F}
	EndGlobalSection
EndGlobal
