
Microsoft Visual Studio Solution File, Format Version 12.00
# Visual Studio Version 17
VisualStudioVersion = 17.6.33829.357
MinimumVisualStudioVersion = 10.0.40219.1
Project("{888888A0-9F3D-457C-B088-3A5042F75D52}") = "ReportCard", "ReportCard\ReportCard.pyproj", "{3C92D4F0-6BD0-4DD9-9A43-8BAFC7BDAF0D}"
EndProject
Global
	GlobalSection(SolutionConfigurationPlatforms) = preSolution
		Debug|Any CPU = Debug|Any CPU
		Release|Any CPU = Release|Any CPU
	EndGlobalSection
	GlobalSection(ProjectConfigurationPlatforms) = postSolution
		{3C92D4F0-6BD0-4DD9-9A43-8BAFC7BDAF0D}.Debug|Any CPU.ActiveCfg = Debug|Any CPU
		{3C92D4F0-6BD0-4DD9-9A43-8BAFC7BDAF0D}.Release|Any CPU.ActiveCfg = Release|Any CPU
	EndGlobalSection
	GlobalSection(SolutionProperties) = preSolution
		HideSolutionNode = FALSE
	EndGlobalSection
	GlobalSection(ExtensibilityGlobals) = postSolution
		SolutionGuid = {9BF9F97F-2AE3-49F9-AC96-095C52CFB9CB}
	EndGlobalSection
EndGlobal
